// !$*UTF8*$!
{
	archiveVersion = 1;
	classes = {
	};
	objectVersion = 48;
	objects = {

/* Begin PBXBuildFile section */
		E802CDF72068119F00C169A7 /* Grid.swift in Sources */ = {isa = PBXBuildFile; fileRef = E802CDF62068119E00C169A7 /* Grid.swift */; };
		E802CDF92069825800C169A7 /* CardSubView.swift in Sources */ = {isa = PBXBuildFile; fileRef = E802CDF82069825800C169A7 /* CardSubView.swift */; };
		E87ACF82202E57B400781E59 /* AppDelegate.swift in Sources */ = {isa = PBXBuildFile; fileRef = E87ACF81202E57B400781E59 /* AppDelegate.swift */; };
		E87ACF84202E57B400781E59 /* ViewController.swift in Sources */ = {isa = PBXBuildFile; fileRef = E87ACF83202E57B400781E59 /* ViewController.swift */; };
		E87ACF87202E57B400781E59 /* Main.storyboard in Resources */ = {isa = PBXBuildFile; fileRef = E87ACF85202E57B400781E59 /* Main.storyboard */; };
		E87ACF89202E57B400781E59 /* Assets.xcassets in Resources */ = {isa = PBXBuildFile; fileRef = E87ACF88202E57B400781E59 /* Assets.xcassets */; };
		E87ACF8C202E57B400781E59 /* LaunchScreen.storyboard in Resources */ = {isa = PBXBuildFile; fileRef = E87ACF8A202E57B400781E59 /* LaunchScreen.storyboard */; };
		E87ACF98202E584F00781E59 /* Set.swift in Sources */ = {isa = PBXBuildFile; fileRef = E87ACF97202E584F00781E59 /* Set.swift */; };
		E87ACF9A202E586F00781E59 /* Card.swift in Sources */ = {isa = PBXBuildFile; fileRef = E87ACF99202E586F00781E59 /* Card.swift */; };
/* End PBXBuildFile section */

/* Begin PBXFileReference section */
		E802CDF62068119E00C169A7 /* Grid.swift */ = {isa = PBXFileReference; fileEncoding = 4; lastKnownFileType = sourcecode.swift; path = Grid.swift; sourceTree = "<group>"; };
		E802CDF82069825800C169A7 /* CardSubView.swift */ = {isa = PBXFileReference; lastKnownFileType = sourcecode.swift; path = CardSubView.swift; sourceTree = "<group>"; };
		E87ACF7E202E57B400781E59 /* Set.app */ = {isa = PBXFileReference; explicitFileType = wrapper.application; includeInIndex = 0; path = Set.app; sourceTree = BUILT_PRODUCTS_DIR; };
		E87ACF81202E57B400781E59 /* AppDelegate.swift */ = {isa = PBXFileReference; lastKnownFileType = sourcecode.swift; path = AppDelegate.swift; sourceTree = "<group>"; };
		E87ACF83202E57B400781E59 /* ViewController.swift */ = {isa = PBXFileReference; lastKnownFileType = sourcecode.swift; path = ViewController.swift; sourceTree = "<group>"; };
		E87ACF86202E57B400781E59 /* Base */ = {isa = PBXFileReference; lastKnownFileType = file.storyboard; name = Base; path = Base.lproj/Main.storyboard; sourceTree = "<group>"; };
		E87ACF88202E57B400781E59 /* Assets.xcassets */ = {isa = PBXFileReference; lastKnownFileType = folder.assetcatalog; path = Assets.xcassets; sourceTree = "<group>"; };
		E87ACF8B202E57B400781E59 /* Base */ = {isa = PBXFileReference; lastKnownFileType = file.storyboard; name = Base; path = Base.lproj/LaunchScreen.storyboard; sourceTree = "<group>"; };
		E87ACF8D202E57B400781E59 /* Info.plist */ = {isa = PBXFileReference; lastKnownFileType = text.plist.xml; path = Info.plist; sourceTree = "<group>"; };
		E87ACF97202E584F00781E59 /* Set.swift */ = {isa = PBXFileReference; lastKnownFileType = sourcecode.swift; path = Set.swift; sourceTree = "<group>"; };
		E87ACF99202E586F00781E59 /* Card.swift */ = {isa = PBXFileReference; lastKnownFileType = sourcecode.swift; path = Card.swift; sourceTree = "<group>"; };
/* End PBXFileReference section */

/* Begin PBXFrameworksBuildPhase section */
		E87ACF7B202E57B400781E59 /* Frameworks */ = {
			isa = PBXFrameworksBuildPhase;
			buildActionMask = 2147483647;
			files = (
			);
			runOnlyForDeploymentPostprocessing = 0;
		};
/* End PBXFrameworksBuildPhase section */

/* Begin PBXGroup section */
		E87ACF75202E57B300781E59 = {
			isa = PBXGroup;
			children = (
				E87ACF80202E57B400781E59 /* Set */,
				E87ACF7F202E57B400781E59 /* Products */,
			);
			sourceTree = "<group>";
		};
		E87ACF7F202E57B400781E59 /* Products */ = {
			isa = PBXGroup;
			children = (
				E87ACF7E202E57B400781E59 /* Set.app */,
			);
			name = Products;
			sourceTree = "<group>";
		};
		E87ACF80202E57B400781E59 /* Set */ = {
			isa = PBXGroup;
			children = (
				E87ACF96202E583E00781E59 /* Model */,
				E87ACF95202E582C00781E59 /* Controller */,
				E87ACF93202E581500781E59 /* View */,
				E87ACF94202E582300781E59 /* Supporting Files */,
				E87ACF8D202E57B400781E59 /* Info.plist */,
			);
			path = Set;
			sourceTree = "<group>";
		};
		E87ACF93202E581500781E59 /* View */ = {
			isa = PBXGroup;
			children = (
				E87ACF85202E57B400781E59 /* Main.storyboard */,
				E87ACF8A202E57B400781E59 /* LaunchScreen.storyboard */,
			);
			path = View;
			sourceTree = "<group>";
		};
		E87ACF94202E582300781E59 /* Supporting Files */ = {
			isa = PBXGroup;
			children = (
				E87ACF81202E57B400781E59 /* AppDelegate.swift */,
				E87ACF88202E57B400781E59 /* Assets.xcassets */,
			);
			path = "Supporting Files";
			sourceTree = "<group>";
		};
		E87ACF95202E582C00781E59 /* Controller */ = {
			isa = PBXGroup;
			children = (
				E802CDF62068119E00C169A7 /* Grid.swift */,
				E87ACF83202E57B400781E59 /* ViewController.swift */,
				E802CDF82069825800C169A7 /* CardSubView.swift */,
			);
			path = Controller;
			sourceTree = "<group>";
		};
		E87ACF96202E583E00781E59 /* Model */ = {
			isa = PBXGroup;
			children = (
				E87ACF97202E584F00781E59 /* Set.swift */,
				E87ACF99202E586F00781E59 /* Card.swift */,
			);
			path = Model;
			sourceTree = "<group>";
		};
/* End PBXGroup section */

/* Begin PBXNativeTarget section */
		E87ACF7D202E57B400781E59 /* Set */ = {
			isa = PBXNativeTarget;
			buildConfigurationList = E87ACF90202E57B400781E59 /* Build configuration list for PBXNativeTarget "Set" */;
			buildPhases = (
				E87ACF7A202E57B400781E59 /* Sources */,
				E87ACF7B202E57B400781E59 /* Frameworks */,
				E87ACF7C202E57B400781E59 /* Resources */,
			);
			buildRules = (
			);
			dependencies = (
			);
			name = Set;
			productName = Set;
			productReference = E87ACF7E202E57B400781E59 /* Set.app */;
			productType = "com.apple.product-type.application";
		};
/* End PBXNativeTarget section */

/* Begin PBXProject section */
		E87ACF76202E57B300781E59 /* Project object */ = {
			isa = PBXProject;
			attributes = {
				LastSwiftUpdateCheck = 0920;
				LastUpgradeCheck = 0920;
				ORGANIZATIONNAME = "Toan Nguyen";
				TargetAttributes = {
					E87ACF7D202E57B400781E59 = {
						CreatedOnToolsVersion = 9.2;
						ProvisioningStyle = Automatic;
					};
				};
			};
			buildConfigurationList = E87ACF79202E57B300781E59 /* Build configuration list for PBXProject "Set" */;
			compatibilityVersion = "Xcode 8.0";
			developmentRegion = en;
			hasScannedForEncodings = 0;
			knownRegions = (
				en,
				Base,
			);
			mainGroup = E87ACF75202E57B300781E59;
			productRefGroup = E87ACF7F202E57B400781E59 /* Products */;
			projectDirPath = "";
			projectRoot = "";
			targets = (
				E87ACF7D202E57B400781E59 /* Set */,
			);
		};
/* End PBXProject section */

/* Begin PBXResourcesBuildPhase section */
		E87ACF7C202E57B400781E59 /* Resources */ = {
			isa = PBXResourcesBuildPhase;
			buildActionMask = 2147483647;
			files = (
				E87ACF8C202E57B400781E59 /* LaunchScreen.storyboard in Resources */,
				E87ACF89202E57B400781E59 /* Assets.xcassets in Resources */,
				E87ACF87202E57B400781E59 /* Main.storyboard in Resources */,
			);
			runOnlyForDeploymentPostprocessing = 0;
		};
/* End PBXResourcesBuildPhase section */

/* Begin PBXSourcesBuildPhase section */
		E87ACF7A202E57B400781E59 /* Sources */ = {
			isa = PBXSourcesBuildPhase;
			buildActionMask = 2147483647;
			files = (
				E87ACF84202E57B400781E59 /* ViewController.swift in Sources */,
				E802CDF92069825800C169A7 /* CardSubView.swift in Sources */,
				E87ACF82202E57B400781E59 /* AppDelegate.swift in Sources */,
				E87ACF98202E584F00781E59 /* Set.swift in Sources */,
				E802CDF72068119F00C169A7 /* Grid.swift in Sources */,
				E87ACF9A202E586F00781E59 /* Card.swift in Sources */,
			);
			runOnlyForDeploymentPostprocessing = 0;
		};
/* End PBXSourcesBuildPhase section */

/* Begin PBXVariantGroup section */
		E87ACF85202E57B400781E59 /* Main.storyboard */ = {
			isa = PBXVariantGroup;
			children = (
				E87ACF86202E57B400781E59 /* Base */,
			);
			name = Main.storyboard;
			sourceTree = "<group>";
		};
		E87ACF8A202E57B400781E59 /* LaunchScreen.storyboard */ = {
			isa = PBXVariantGroup;
			children = (
				E87ACF8B202E57B400781E59 /* Base */,
			);
			name = LaunchScreen.storyboard;
			sourceTree = "<group>";
		};
/* End PBXVariantGroup section */

/* Begin XCBuildConfiguration section */
		E87ACF8E202E57B400781E59 /* Debug */ = {
			isa = XCBuildConfiguration;
			buildSettings = {
				ALWAYS_SEARCH_USER_PATHS = NO;
				CLANG_ANALYZER_NONNULL = YES;
				CLANG_ANALYZER_NUMBER_OBJECT_CONVERSION = YES_AGGRESSIVE;
				CLANG_CXX_LANGUAGE_STANDARD = "gnu++14";
				CLANG_CXX_LIBRARY = "libc++";
				CLANG_ENABLE_MODULES = YES;
				CLANG_ENABLE_OBJC_ARC = YES;
				CLANG_WARN_BLOCK_CAPTURE_AUTORELEASING = YES;
				CLANG_WARN_BOOL_CONVERSION = YES;
				CLANG_WARN_COMMA = YES;
				CLANG_WARN_CONSTANT_CONVERSION = YES;
				CLANG_WARN_DIRECT_OBJC_ISA_USAGE = YES_ERROR;
				CLANG_WARN_DOCUMENTATION_COMMENTS = YES;
				CLANG_WARN_EMPTY_BODY = YES;
				CLANG_WARN_ENUM_CONVERSION = YES;
				CLANG_WARN_INFINITE_RECURSION = YES;
				CLANG_WARN_INT_CONVERSION = YES;
				CLANG_WARN_NON_LITERAL_NULL_CONVERSION = YES;
				CLANG_WARN_OBJC_LITERAL_CONVERSION = YES;
				CLANG_WARN_OBJC_ROOT_CLASS = YES_ERROR;
				CLANG_WARN_RANGE_LOOP_ANALYSIS = YES;
				CLANG_WARN_STRICT_PROTOTYPES = YES;
				CLANG_WARN_SUSPICIOUS_MOVE = YES;
				CLANG_WARN_UNGUARDED_AVAILABILITY = YES_AGGRESSIVE;
				CLANG_WARN_UNREACHABLE_CODE = YES;
				CLANG_WARN__DUPLICATE_METHOD_MATCH = YES;
				CODE_SIGN_IDENTITY = "iPhone Developer";
				COPY_PHASE_STRIP = NO;
				DEBUG_INFORMATION_FORMAT = dwarf;
				ENABLE_STRICT_OBJC_MSGSEND = YES;
				ENABLE_TESTABILITY = YES;
				GCC_C_LANGUAGE_STANDARD = gnu11;
				GCC_DYNAMIC_NO_PIC = NO;
				GCC_NO_COMMON_BLOCKS = YES;
				GCC_OPTIMIZATION_LEVEL = 0;
				GCC_PREPROCESSOR_DEFINITIONS = (
					"DEBUG=1",
					"$(inherited)",
				);
				GCC_WARN_64_TO_32_BIT_CONVERSION = YES;
				GCC_WARN_ABOUT_RETURN_TYPE = YES_ERROR;
				GCC_WARN_UNDECLARED_SELECTOR = YES;
				GCC_WARN_UNINITIALIZED_AUTOS = YES_AGGRESSIVE;
				GCC_WARN_UNUSED_FUNCTION = YES;
				GCC_WARN_UNUSED_VARIABLE = YES;
				IPHONEOS_DEPLOYMENT_TARGET = 11.2;
				MTL_ENABLE_DEBUG_INFO = YES;
				ONLY_ACTIVE_ARCH = YES;
				SDKROOT = iphoneos;
				SWIFT_ACTIVE_COMPILATION_CONDITIONS = DEBUG;
				SWIFT_OPTIMIZATION_LEVEL = "-Onone";
			};
			name = Debug;
		};
		E87ACF8F202E57B400781E59 /* Release */ = {
			isa = XCBuildConfiguration;
			buildSettings = {
				ALWAYS_SEARCH_USER_PATHS = NO;
				CLANG_ANALYZER_NONNULL = YES;
				CLANG_ANALYZER_NUMBER_OBJECT_CONVERSION = YES_AGGRESSIVE;
				CLANG_CXX_LANGUAGE_STANDARD = "gnu++14";
				CLANG_CXX_LIBRARY = "libc++";
				CLANG_ENABLE_MODULES = YES;
				CLANG_ENABLE_OBJC_ARC = YES;
				CLANG_WARN_BLOCK_CAPTURE_AUTORELEASING = YES;
				CLANG_WARN_BOOL_CONVERSION = YES;
				CLANG_WARN_COMMA = YES;
				CLANG_WARN_CONSTANT_CONVERSION = YES;
				CLANG_WARN_DIRECT_OBJC_ISA_USAGE = YES_ERROR;
				CLANG_WARN_DOCUMENTATION_COMMENTS = YES;
				CLANG_WARN_EMPTY_BODY = YES;
				CLANG_WARN_ENUM_CONVERSION = YES;
				CLANG_WARN_INFINITE_RECURSION = YES;
				CLANG_WARN_INT_CONVERSION = YES;
				CLANG_WARN_NON_LITERAL_NULL_CONVERSION = YES;
				CLANG_WARN_OBJC_LITERAL_CONVERSION = YES;
				CLANG_WARN_OBJC_ROOT_CLASS = YES_ERROR;
				CLANG_WARN_RANGE_LOOP_ANALYSIS = YES;
				CLANG_WARN_STRICT_PROTOTYPES = YES;
				CLANG_WARN_SUSPICIOUS_MOVE = YES;
				CLANG_WARN_UNGUARDED_AVAILABILITY = YES_AGGRESSIVE;
				CLANG_WARN_UNREACHABLE_CODE = YES;
				CLANG_WARN__DUPLICATE_METHOD_MATCH = YES;
				CODE_SIGN_IDENTITY = "iPhone Developer";
				COPY_PHASE_STRIP = NO;
				DEBUG_INFORMATION_FORMAT = "dwarf-with-dsym";
				ENABLE_NS_ASSERTIONS = NO;
				ENABLE_STRICT_OBJC_MSGSEND = YES;
				GCC_C_LANGUAGE_STANDARD = gnu11;
				GCC_NO_COMMON_BLOCKS = YES;
				GCC_WARN_64_TO_32_BIT_CONVERSION = YES;
				GCC_WARN_ABOUT_RETURN_TYPE = YES_ERROR;
				GCC_WARN_UNDECLARED_SELECTOR = YES;
				GCC_WARN_UNINITIALIZED_AUTOS = YES_AGGRESSIVE;
				GCC_WARN_UNUSED_FUNCTION = YES;
				GCC_WARN_UNUSED_VARIABLE = YES;
				IPHONEOS_DEPLOYMENT_TARGET = 11.2;
				MTL_ENABLE_DEBUG_INFO = NO;
				SDKROOT = iphoneos;
				SWIFT_OPTIMIZATION_LEVEL = "-Owholemodule";
				VALIDATE_PRODUCT = YES;
			};
			name = Release;
		};
		E87ACF91202E57B400781E59 /* Debug */ = {
			isa = XCBuildConfiguration;
			buildSettings = {
				ASSETCATALOG_COMPILER_APPICON_NAME = AppIcon;
				CODE_SIGN_STYLE = Automatic;
				DEVELOPMENT_TEAM = P22XG7F93T;
				INFOPLIST_FILE = Set/Info.plist;
				LD_RUNPATH_SEARCH_PATHS = "$(inherited) @executable_path/Frameworks";
				PRODUCT_BUNDLE_IDENTIFIER = com.ductoannguyen.Set;
				PRODUCT_NAME = "$(TARGET_NAME)";
				SWIFT_VERSION = 4.0;
				TARGETED_DEVICE_FAMILY = "1,2";
			};
			name = Debug;
		};
		E87ACF92202E57B400781E59 /* Release */ = {
			isa = XCBuildConfiguration;
			buildSettings = {
				ASSETCATALOG_COMPILER_APPICON_NAME = AppIcon;
				CODE_SIGN_STYLE = Automatic;
				DEVELOPMENT_TEAM = P22XG7F93T;
				INFOPLIST_FILE = Set/Info.plist;
				LD_RUNPATH_SEARCH_PATHS = "$(inherited) @executable_path/Frameworks";
				PRODUCT_BUNDLE_IDENTIFIER = com.ductoannguyen.Set;
				PRODUCT_NAME = "$(TARGET_NAME)";
				SWIFT_VERSION = 4.0;
				TARGETED_DEVICE_FAMILY = "1,2";
			};
			name = Release;
		};
/* End XCBuildConfiguration section */

/* Begin XCConfigurationList section */
		E87ACF79202E57B300781E59 /* Build configuration list for PBXProject "Set" */ = {
			isa = XCConfigurationList;
			buildConfigurations = (
				E87ACF8E202E57B400781E59 /* Debug */,
				E87ACF8F202E57B400781E59 /* Release */,
			);
			defaultConfigurationIsVisible = 0;
			defaultConfigurationName = Release;
		};
		E87ACF90202E57B400781E59 /* Build configuration list for PBXNativeTarget "Set" */ = {
			isa = XCConfigurationList;
			buildConfigurations = (
				E87ACF91202E57B400781E59 /* Debug */,
				E87ACF92202E57B400781E59 /* Release */,
			);
			defaultConfigurationIsVisible = 0;
			defaultConfigurationName = Release;
		};
/* End XCConfigurationList section */
	};
	rootObject = E87ACF76202E57B300781E59 /* Project object */;
}
